
Microsoft Visual Studio Solution File, Format Version 12.00
# Visual Studio Version 17
VisualStudioVersion = 17.0.31903.59
MinimumVisualStudioVersion = 10.0.40219.1
Project("{FAE04EC0-301F-11D3-BF4B-00C04F79EFBC}") = "API", "API\API.csproj", "{BD133831-12E1-4296-82C1-7D1737A79B50}"
EndProject
Project("{FAE04EC0-301F-11D3-BF4B-00C04F79EFBC}") = "Persistence", "Persistence\Persistence.csproj", "{DFC7762D-415E-4787-9852-EE197BB2799B}"
EndProject
Project("{FAE04EC0-301F-11D3-BF4B-00C04F79EFBC}") = "Domain", "Domain\Domain.csproj", "{426E7700-B353-4749-AE0D-149E68BE726B}"
EndProject
Project("{FAE04EC0-301F-11D3-BF4B-00C04F79EFBC}") = "Application", "Application\Application.csproj", "{39B0A28B-F7F5-46CD-88EF-1FF3E20CCD65}"
EndProject
Global
	GlobalSection(SolutionConfigurationPlatforms) = preSolution
		Debug|Any CPU = Debug|Any CPU
		Release|Any CPU = Release|Any CPU
	EndGlobalSection
	GlobalSection(SolutionProperties) = preSolution
		HideSolutionNode = FALSE
	EndGlobalSection
	GlobalSection(ProjectConfigurationPlatforms) = postSolution
		{BD133831-12E1-4296-82C1-7D1737A79B50}.Debug|Any CPU.ActiveCfg = Debug|Any CPU
		{BD133831-12E1-4296-82C1-7D1737A79B50}.Debug|Any CPU.Build.0 = Debug|Any CPU
		{BD133831-12E1-4296-82C1-7D1737A79B50}.Release|Any CPU.ActiveCfg = Release|Any CPU
		{BD133831-12E1-4296-82C1-7D1737A79B50}.Release|Any CPU.Build.0 = Release|Any CPU
		{DFC7762D-415E-4787-9852-EE197BB2799B}.Debug|Any CPU.ActiveCfg = Debug|Any CPU
		{DFC7762D-415E-4787-9852-EE197BB2799B}.Debug|Any CPU.Build.0 = Debug|Any CPU
		{DFC7762D-415E-4787-9852-EE197BB2799B}.Release|Any CPU.ActiveCfg = Release|Any CPU
		{DFC7762D-415E-4787-9852-EE197BB2799B}.Release|Any CPU.Build.0 = Release|Any CPU
		{426E7700-B353-4749-AE0D-149E68BE726B}.Debug|Any CPU.ActiveCfg = Debug|Any CPU
		{426E7700-B353-4749-AE0D-149E68BE726B}.Debug|Any CPU.Build.0 = Debug|Any CPU
		{426E7700-B353-4749-AE0D-149E68BE726B}.Release|Any CPU.ActiveCfg = Release|Any CPU
		{426E7700-B353-4749-AE0D-149E68BE726B}.Release|Any CPU.Build.0 = Release|Any CPU
		{39B0A28B-F7F5-46CD-88EF-1FF3E20CCD65}.Debug|Any CPU.ActiveCfg = Debug|Any CPU
		{39B0A28B-F7F5-46CD-88EF-1FF3E20CCD65}.Debug|Any CPU.Build.0 = Debug|Any CPU
		{39B0A28B-F7F5-46CD-88EF-1FF3E20CCD65}.Release|Any CPU.ActiveCfg = Release|Any CPU
		{39B0A28B-F7F5-46CD-88EF-1FF3E20CCD65}.Release|Any CPU.Build.0 = Release|Any CPU
	EndGlobalSection
EndGlobal
